Microsoft Visual Studio Solution File, Format Version 12.00
# Visual Studio 2012
Project("{FAE04EC0-301F-11D3-BF4B-00C04F79EFBC}") = "VibeGunner", "VibeGunner.csproj", "{3D046FCB-0DC8-4E71-839C-482203A9CF0D}"
EndProject
Global
	GlobalSection(SolutionConfigurationPlatforms) = preSolution
	Debug|Any CPU = Debug|Any CPU
	ExportDebug|Any CPU = ExportDebug|Any CPU
	ExportRelease|Any CPU = ExportRelease|Any CPU
	EndGlobalSection
	GlobalSection(ProjectConfigurationPlatforms) = postSolution
		{3D046FCB-0DC8-4E71-839C-482203A9CF0D}.Debug|Any CPU.ActiveCfg = Debug|Any CPU
		{3D046FCB-0DC8-4E71-839C-482203A9CF0D}.Debug|Any CPU.Build.0 = Debug|Any CPU
		{3D046FCB-0DC8-4E71-839C-482203A9CF0D}.ExportDebug|Any CPU.ActiveCfg = ExportDebug|Any CPU
		{3D046FCB-0DC8-4E71-839C-482203A9CF0D}.ExportDebug|Any CPU.Build.0 = ExportDebug|Any CPU
		{3D046FCB-0DC8-4E71-839C-482203A9CF0D}.ExportRelease|Any CPU.ActiveCfg = ExportRelease|Any CPU
		{3D046FCB-0DC8-4E71-839C-482203A9CF0D}.ExportRelease|Any CPU.Build.0 = ExportRelease|Any CPU
	EndGlobalSection
EndGlobal
